
Microsoft Visual Studio Solution File, Format Version 12.00
# Visual Studio Version 17
VisualStudioVersion = 17.14.36301.6 d17.14
MinimumVisualStudioVersion = 10.0.40219.1
Project("{FAE04EC0-301F-11D3-BF4B-00C04F79EFBC}") = "server", "server.csproj", "{434E27CE-9A5E-4EFC-9DD5-0ECCA0D87AAA}"
EndProject
Global
	GlobalSection(SolutionConfigurationPlatforms) = preSolution
		Debug|Any CPU = Debug|Any CPU
		Release|Any CPU = Release|Any CPU
	EndGlobalSection
	GlobalSection(ProjectConfigurationPlatforms) = postSolution
		{434E27CE-9A5E-4EFC-9DD5-0ECCA0D87AAA}.Debug|Any CPU.ActiveCfg = Debug|Any CPU
		{434E27CE-9A5E-4EFC-9DD5-0ECCA0D87AAA}.Debug|Any CPU.Build.0 = Debug|Any CPU
		{434E27CE-9A5E-4EFC-9DD5-0ECCA0D87AAA}.Release|Any CPU.ActiveCfg = Release|Any CPU
		{434E27CE-9A5E-4EFC-9DD5-0ECCA0D87AAA}.Release|Any CPU.Build.0 = Release|Any CPU
	EndGlobalSection
	GlobalSection(SolutionProperties) = preSolution
		HideSolutionNode = FALSE
	EndGlobalSection
	GlobalSection(ExtensibilityGlobals) = postSolution
		SolutionGuid = {51CC6725-5B12-41C5-B305-40F4815C3734}
	EndGlobalSection
EndGlobal
